<?xml version="1.0" encoding="utf-8"?>
<Project ToolsVersion="4.0" xmlns="http://schemas.microsoft.com/developer/msbuild/2003">
  <ItemGroup>
    <Filter Include="소스 파일">
      <UniqueIdentifier>{4FC737F1-C7A5-4376-A066-2A32D752A2FF}</UniqueIdentifier>
      <Extensions>cpp;c;cc;cxx;def;odl;idl;hpj;bat;asm;asmx</Extensions>
    </Filter>
    <Filter Include="헤더 파일">
      <UniqueIdentifier>{93995380-89BD-4b04-88EB-625FBE52EBFB}</UniqueIdentifier>
      <Extensions>h;hh;hpp;hxx;hm;inl;inc;ipp;xsd</Extensions>
    </Filter>
    <Filter Include="리소스 파일">
      <UniqueIdentifier>{67DA6AB6-F800-4c08-8B7A-83BB121AAD01}</UniqueIdentifier>
      <Extensions>rc;ico;cur;bmp;dlg;rc2;rct;bin;rgs;gif;jpg;jpeg;jpe;resx;tiff;tif;png;wav;mfcribbon-ms</Extensions>
    </Filter>
    <Filter Include="2DGameFramework">
      <UniqueIdentifier>{d4228325-ab86-4575-8d38-59949d73a0ec}</UniqueIdentifier>
    </Filter>
    <Filter Include="playGround">
      <UniqueIdentifier>{84513b37-b08c-49e4-bd15-6f8f6752b18e}</UniqueIdentifier>
    </Filter>
    <Filter Include="2DGameFramework\SingletonBase">
      <UniqueIdentifier>{8785790c-f93f-411d-90ff-bd2e05bd6334}</UniqueIdentifier>
    </Filter>
    <Filter Include="2DGameFramework\Manager">
      <UniqueIdentifier>{ddfb3dc3-ec5a-4752-880c-db14429b78a1}</UniqueIdentifier>
    </Filter>
    <Filter Include="2DGameFramework\image">
      <UniqueIdentifier>{73affc36-76a7-43ee-9dc2-13a65e5a5209}</UniqueIdentifier>
    </Filter>
    <Filter Include="2DGameFramework\Utils">
      <UniqueIdentifier>{dbe4a488-41b4-49cf-8cff-49dbace1d532}</UniqueIdentifier>
    </Filter>
    <Filter Include="2DGameFramework\timer">
      <UniqueIdentifier>{51ba2134-09a6-4e4a-a113-fec61f8f954a}</UniqueIdentifier>
    </Filter>
    <Filter Include="playGround\mapTool">
      <UniqueIdentifier>{cd709ada-5ed1-4736-a821-b2505936d556}</UniqueIdentifier>
    </Filter>
    <Filter Include="playGround\Astar">
      <UniqueIdentifier>{38efe330-bcd8-48e9-86ad-baae4a61c47d}</UniqueIdentifier>
    </Filter>
    <Filter Include="playGround\enemy">
      <UniqueIdentifier>{1a971438-191b-4999-97cb-20fc884e9b52}</UniqueIdentifier>
    </Filter>
    <Filter Include="2DGameFramework\action">
      <UniqueIdentifier>{8d5674ac-b8ad-4565-af18-66d9a3b3fd0b}</UniqueIdentifier>
    </Filter>
    <Filter Include="2DGameFramework\animation">
      <UniqueIdentifier>{e755f718-d414-418f-9e57-83111e0fb665}</UniqueIdentifier>
    </Filter>
    <Filter Include="2DGameFramework\button">
      <UniqueIdentifier>{0fb3dc5a-e851-4dca-8517-49229d7c40c5}</UniqueIdentifier>
    </Filter>
    <Filter Include="2DGameFramework\effect">
      <UniqueIdentifier>{3c211f7c-8679-47d5-a7cf-051245edfaff}</UniqueIdentifier>
    </Filter>
    <Filter Include="2DGameFramework\txtData">
      <UniqueIdentifier>{fd991e34-d5ed-4443-ad60-ddc29a312d66}</UniqueIdentifier>
    </Filter>
    <Filter Include="playGround\enemy\slime">
      <UniqueIdentifier>{6ef491fa-087c-41c3-b48a-070c76df0bb2}</UniqueIdentifier>
    </Filter>
    <Filter Include="playGround\player">
      <UniqueIdentifier>{ad4a14c3-948d-4996-8bbd-e06dd1012066}</UniqueIdentifier>
    </Filter>
    <Filter Include="playGround\enemy\skeleton">
      <UniqueIdentifier>{f71c76b6-c2aa-46a0-b41d-907942b7b1f9}</UniqueIdentifier>
    </Filter>
    <Filter Include="2DGameFramework\video">
      <UniqueIdentifier>{668c954d-52b9-42f8-a41c-91a9e443693d}</UniqueIdentifier>
    </Filter>
    <Filter Include="playGround\UI">
      <UniqueIdentifier>{f1925a29-5fe3-4dcc-8bfe-55190426f136}</UniqueIdentifier>
    </Filter>
    <Filter Include="playGround\scene">
      <UniqueIdentifier>{8926df7c-99f5-44fc-aaa1-49641807da6a}</UniqueIdentifier>
    </Filter>
    <Filter Include="playGround\scene\title">
      <UniqueIdentifier>{406c15f9-5412-4dab-83d1-756192b94a20}</UniqueIdentifier>
    </Filter>
    <Filter Include="playGround\scene\splash">
      <UniqueIdentifier>{d98c9af2-4700-49d7-866f-8b46af61e194}</UniqueIdentifier>
    </Filter>
    <Filter Include="playGround\scene\intro">
      <UniqueIdentifier>{353ae757-72d5-47a1-aabb-c9c1f8a23579}</UniqueIdentifier>
    </Filter>
    <Filter Include="playGround\UI\inGame">
      <UniqueIdentifier>{7774373d-05cd-45c6-9ee3-2f742235efba}</UniqueIdentifier>
    </Filter>
    <Filter Include="playGround\object">
      <UniqueIdentifier>{0155db4d-7a06-446f-b33e-800dc1181060}</UniqueIdentifier>
    </Filter>
    <Filter Include="playGround\item">
      <UniqueIdentifier>{cae587a1-dc8d-497e-8192-e6c734057910}</UniqueIdentifier>
    </Filter>
    <Filter Include="playGround\item\weapon">
      <UniqueIdentifier>{e4fade2e-2b44-40ec-85dc-a3525a9f5a03}</UniqueIdentifier>
    </Filter>
    <Filter Include="playGround\item\shovel">
      <UniqueIdentifier>{bfc93a3a-4876-4d0f-b7f5-075657780497}</UniqueIdentifier>
    </Filter>
    <Filter Include="playGround\item\weapon\weaponType">
      <UniqueIdentifier>{bb4fe570-4400-4b13-b299-220c794caaa4}</UniqueIdentifier>
    </Filter>
    <Filter Include="playGround\item\shovel\shovelType">
      <UniqueIdentifier>{a1c3a33e-f78e-4fed-843a-d1ce250a8bbf}</UniqueIdentifier>
    </Filter>
    <Filter Include="playGround\enemy\ghostAndMimic">
      <UniqueIdentifier>{f74a0f02-ed2b-4aca-86de-9ee2ceddab8d}</UniqueIdentifier>
    </Filter>
    <Filter Include="playGround\enemy\monkey">
      <UniqueIdentifier>{ba7f7f8f-f013-4f6f-a2f6-28d2bb492d9c}</UniqueIdentifier>
    </Filter>
    <Filter Include="2DGameFramework\miniMap">
      <UniqueIdentifier>{48071f4d-3377-4e12-a20c-fd663f2c5d07}</UniqueIdentifier>
    </Filter>
    <Filter Include="playGround\enemy\zombie">
      <UniqueIdentifier>{ad9ace29-95d8-4a26-b421-f54e890379c0}</UniqueIdentifier>
    </Filter>
    <Filter Include="playGround\enemy\minotaurAndRedDragon">
      <UniqueIdentifier>{c10f12bc-28e3-4292-95b2-9e270dd55b06}</UniqueIdentifier>
    </Filter>
    <Filter Include="playGround\item\food">
      <UniqueIdentifier>{9d198e6c-10c2-4c49-a265-bd7997bc92fc}</UniqueIdentifier>
    </Filter>
    <Filter Include="playGround\item\food\foodType">
      <UniqueIdentifier>{5fefbc23-720a-4120-a020-d281922a29ca}</UniqueIdentifier>
    </Filter>
    <Filter Include="playGround\shopKeeper">
      <UniqueIdentifier>{ee30baa4-64e1-4d29-a939-f8edd68ef13e}</UniqueIdentifier>
    </Filter>
    <Filter Include="playGround\scene\boss">
      <UniqueIdentifier>{aa9b81b7-0ec5-44c4-bd05-6046c7bf9891}</UniqueIdentifier>
    </Filter>
    <Filter Include="playGround\enemy\deathMetal">
      <UniqueIdentifier>{362748d6-d59a-4bc8-847b-750a43fcc368}</UniqueIdentifier>
    </Filter>
  </ItemGroup>
  <ItemGroup>
    <ClInclude Include="stdafx.h">
      <Filter>헤더 파일</Filter>
    </ClInclude>
    <ClInclude Include="targetver.h">
      <Filter>헤더 파일</Filter>
    </ClInclude>
    <ClInclude Include="Resource.h">
      <Filter>헤더 파일</Filter>
    </ClInclude>
    <ClInclude Include="commonMacroFunction.h">
      <Filter>헤더 파일</Filter>
    </ClInclude>
    <ClInclude Include="gameNode.h">
      <Filter>2DGameFramework</Filter>
    </ClInclude>
    <ClInclude Include="playGround.h">
      <Filter>playGround</Filter>
    </ClInclude>
    <ClInclude Include="singletonBase.h">
      <Filter>2DGameFramework\SingletonBase</Filter>
    </ClInclude>
    <ClInclude Include="randomFunction.h">
      <Filter>헤더 파일</Filter>
    </ClInclude>
    <ClInclude Include="image.h">
      <Filter>2DGameFramework\image</Filter>
    </ClInclude>
    <ClInclude Include="utils.h">
      <Filter>2DGameFramework\Utils</Filter>
    </ClInclude>
    <ClInclude Include="timer.h">
      <Filter>2DGameFramework\timer</Filter>
    </ClInclude>
    <ClInclude Include="cameraManager.h">
      <Filter>2DGameFramework\Manager</Filter>
    </ClInclude>
    <ClInclude Include="imageManager.h">
      <Filter>2DGameFramework\Manager</Filter>
    </ClInclude>
    <ClInclude Include="keyManager.h">
      <Filter>2DGameFramework\Manager</Filter>
    </ClInclude>
    <ClInclude Include="timeManager.h">
      <Filter>2DGameFramework\Manager</Filter>
    </ClInclude>
    <ClInclude Include="mapTool.h">
      <Filter>playGround\mapTool</Filter>
    </ClInclude>
    <ClInclude Include="tileMap.h">
      <Filter>playGround\mapTool</Filter>
    </ClInclude>
    <ClInclude Include="tile.h">
      <Filter>playGround\Astar</Filter>
    </ClInclude>
    <ClInclude Include="sceneManager.h">
      <Filter>2DGameFramework\Manager</Filter>
    </ClInclude>
    <ClInclude Include="aStarTest.h">
      <Filter>playGround\Astar</Filter>
    </ClInclude>
    <ClInclude Include="randomMap.h">
      <Filter>playGround\mapTool</Filter>
    </ClInclude>
    <ClInclude Include="mapGenerator.h">
      <Filter>playGround\mapTool</Filter>
    </ClInclude>
    <ClInclude Include="action.h">
      <Filter>2DGameFramework\action</Filter>
    </ClInclude>
    <ClInclude Include="animation.h">
      <Filter>2DGameFramework\animation</Filter>
    </ClInclude>
    <ClInclude Include="button.h">
      <Filter>2DGameFramework\button</Filter>
    </ClInclude>
    <ClInclude Include="effect.h">
      <Filter>2DGameFramework\effect</Filter>
    </ClInclude>
    <ClInclude Include="txtData.h">
      <Filter>2DGameFramework\txtData</Filter>
    </ClInclude>
    <ClInclude Include="effectManager.h">
      <Filter>2DGameFramework\Manager</Filter>
    </ClInclude>
    <ClInclude Include="iniDataManager.h">
      <Filter>2DGameFramework\Manager</Filter>
    </ClInclude>
    <ClInclude Include="soundManager.h">
      <Filter>2DGameFramework\Manager</Filter>
    </ClInclude>
    <ClInclude Include="enemyManager.h">
      <Filter>playGround\enemy</Filter>
    </ClInclude>
    <ClInclude Include="slime.h">
      <Filter>playGround\enemy\slime</Filter>
    </ClInclude>
    <ClInclude Include="slimeBlue.h">
      <Filter>playGround\enemy\slime</Filter>
    </ClInclude>
    <ClInclude Include="slimeGold.h">
      <Filter>playGround\enemy\slime</Filter>
    </ClInclude>
    <ClInclude Include="slimeGreen.h">
      <Filter>playGround\enemy\slime</Filter>
    </ClInclude>
    <ClInclude Include="player.h">
      <Filter>playGround\player</Filter>
    </ClInclude>
    <ClInclude Include="vision.h">
      <Filter>playGround\player</Filter>
    </ClInclude>
    <ClInclude Include="greenSkeleton.h">
      <Filter>playGround\enemy\skeleton</Filter>
    </ClInclude>
    <ClInclude Include="blackSkeleton.h">
      <Filter>playGround\enemy\skeleton</Filter>
    </ClInclude>
    <ClInclude Include="skeleton.h">
      <Filter>playGround\enemy\skeleton</Filter>
    </ClInclude>
    <ClInclude Include="whiteSkeleton.h">
      <Filter>playGround\enemy\skeleton</Filter>
    </ClInclude>
    <ClInclude Include="playerTestScene.h">
      <Filter>playGround</Filter>
    </ClInclude>
    <ClInclude Include="streamManager.h">
      <Filter>2DGameFramework\Manager</Filter>
    </ClInclude>
    <ClInclude Include="video.h">
      <Filter>2DGameFramework\video</Filter>
    </ClInclude>
    <ClInclude Include="beatHeart.h">
      <Filter>playGround\UI\inGame</Filter>
    </ClInclude>
    <ClInclude Include="diamond.h">
      <Filter>playGround\UI\inGame</Filter>
    </ClInclude>
    <ClInclude Include="Heart.h">
      <Filter>playGround\UI\inGame</Filter>
    </ClInclude>
    <ClInclude Include="heartBeat.h">
      <Filter>playGround\UI\inGame</Filter>
    </ClInclude>
    <ClInclude Include="itemHUD.h">
      <Filter>playGround\UI\inGame</Filter>
    </ClInclude>
    <ClInclude Include="money.h">
      <Filter>playGround\UI\inGame</Filter>
    </ClInclude>
    <ClInclude Include="numberUI.h">
      <Filter>playGround\UI\inGame</Filter>
    </ClInclude>
    <ClInclude Include="UI.h">
      <Filter>playGround\UI\inGame</Filter>
    </ClInclude>
    <ClInclude Include="X.h">
      <Filter>playGround\UI\inGame</Filter>
    </ClInclude>
    <ClInclude Include="UIManager.h">
      <Filter>playGround\UI</Filter>
    </ClInclude>
    <ClInclude Include="titleScene.h">
      <Filter>playGround\scene\title</Filter>
    </ClInclude>
    <ClInclude Include="introScene.h">
      <Filter>playGround\scene\intro</Filter>
    </ClInclude>
    <ClInclude Include="splashScene.h">
      <Filter>playGround\scene\splash</Filter>
    </ClInclude>
    <ClInclude Include="objectManager.h">
      <Filter>playGround\object</Filter>
    </ClInclude>
    <ClInclude Include="broadSword.h">
      <Filter>playGround\item\weapon\weaponType</Filter>
    </ClInclude>
    <ClInclude Include="dagger.h">
      <Filter>playGround\item\weapon\weaponType</Filter>
    </ClInclude>
    <ClInclude Include="longSword.h">
      <Filter>playGround\item\weapon\weaponType</Filter>
    </ClInclude>
    <ClInclude Include="spear.h">
      <Filter>playGround\item\weapon\weaponType</Filter>
    </ClInclude>
    <ClInclude Include="weaponType.h">
      <Filter>playGround\item\weapon\weaponType</Filter>
    </ClInclude>
    <ClInclude Include="shovel.h">
      <Filter>playGround\item\shovel</Filter>
    </ClInclude>
    <ClInclude Include="shovelBasic.h">
      <Filter>playGround\item\shovel\shovelType</Filter>
    </ClInclude>
    <ClInclude Include="shovelTitanium.h">
      <Filter>playGround\item\shovel\shovelType</Filter>
    </ClInclude>
    <ClInclude Include="shovelType.h">
      <Filter>playGround\item\shovel\shovelType</Filter>
    </ClInclude>
    <ClInclude Include="bomb.h">
      <Filter>playGround\item</Filter>
    </ClInclude>
    <ClInclude Include="ghost.h">
      <Filter>playGround\enemy\ghostAndMimic</Filter>
    </ClInclude>
    <ClInclude Include="ghostAndMinic.h">
      <Filter>playGround\enemy\ghostAndMimic</Filter>
    </ClInclude>
    <ClInclude Include="monkey.h">
      <Filter>playGround\enemy\monkey</Filter>
    </ClInclude>
    <ClInclude Include="mimic.h">
      <Filter>playGround\enemy\ghostAndMimic</Filter>
    </ClInclude>
    <ClInclude Include="minotaur.h">
      <Filter>playGround\enemy\minotaurAndRedDragon</Filter>
    </ClInclude>
    <ClInclude Include="miniMap.h">
      <Filter>2DGameFramework\miniMap</Filter>
    </ClInclude>
    <ClInclude Include="monkeyWhite.h">
      <Filter>playGround\enemy\monkey</Filter>
    </ClInclude>
    <ClInclude Include="monkeyBasic.h">
      <Filter>playGround\enemy\monkey</Filter>
    </ClInclude>
    <ClInclude Include="minotaurAndDragon.h">
      <Filter>playGround\enemy\minotaurAndRedDragon</Filter>
    </ClInclude>
    <ClInclude Include="zombie.h">
      <Filter>playGround\enemy\zombie</Filter>
    </ClInclude>
    <ClInclude Include="redDragon.h">
      <Filter>playGround\enemy\minotaurAndRedDragon</Filter>
    </ClInclude>
    <ClInclude Include="zombie.h">
      <Filter>헤더 파일</Filter>
    </ClInclude>
    <ClInclude Include="apple.h">
      <Filter>playGround\item\food\foodType</Filter>
    </ClInclude>
    <ClInclude Include="cheese.h">
      <Filter>playGround\item\food\foodType</Filter>
    </ClInclude>
    <ClInclude Include="foodType.h">
      <Filter>playGround\item\food\foodType</Filter>
    </ClInclude>
    <ClInclude Include="food.h">
      <Filter>playGround\item\food</Filter>
    </ClInclude>
    <ClInclude Include="rapier.h">
      <Filter>playGround\item\weapon\weaponType</Filter>
    </ClInclude>
    <ClInclude Include="UIUIManager.h">
      <Filter>2DGameFramework\Manager</Filter>
    </ClInclude>
    <ClInclude Include="shopkeeper.h">
      <Filter>playGround\shopKeeper</Filter>
    </ClInclude>
    <ClInclude Include="bossScene.h">
      <Filter>playGround\scene\boss</Filter>
    </ClInclude>
    <ClInclude Include="deathMetal.h">
      <Filter>playGround\enemy\deathMetal</Filter>
    </ClInclude>
    <ClInclude Include="UIUIManager.h">
      <Filter>2DGameFramework\Manager</Filter>
    </ClInclude>
    <ClInclude Include="missed.h">
      <Filter>playGround\UI\inGame</Filter>
    </ClInclude>
    <ClInclude Include="weapon.h">
      <Filter>playGround\item\weapon</Filter>
    </ClInclude>
  </ItemGroup>
  <ItemGroup>
    <ClCompile Include="stdafx.cpp">
      <Filter>소스 파일</Filter>
    </ClCompile>
    <ClCompile Include="winMain.cpp">
      <Filter>소스 파일</Filter>
    </ClCompile>
    <ClCompile Include="gameNode.cpp">
      <Filter>2DGameFramework</Filter>
    </ClCompile>
    <ClCompile Include="playGround.cpp">
      <Filter>playGround</Filter>
    </ClCompile>
    <ClCompile Include="image.cpp">
      <Filter>2DGameFramework\image</Filter>
    </ClCompile>
    <ClCompile Include="utils.cpp">
      <Filter>2DGameFramework\Utils</Filter>
    </ClCompile>
    <ClCompile Include="timer.cpp">
      <Filter>2DGameFramework\timer</Filter>
    </ClCompile>
    <ClCompile Include="cameraManager.cpp">
      <Filter>2DGameFramework\Manager</Filter>
    </ClCompile>
    <ClCompile Include="imageManager.cpp">
      <Filter>2DGameFramework\Manager</Filter>
    </ClCompile>
    <ClCompile Include="keyManager.cpp">
      <Filter>2DGameFramework\Manager</Filter>
    </ClCompile>
    <ClCompile Include="timeManager.cpp">
      <Filter>2DGameFramework\Manager</Filter>
    </ClCompile>
    <ClCompile Include="mapTool.cpp">
      <Filter>playGround\mapTool</Filter>
    </ClCompile>
    <ClCompile Include="tileMap.cpp">
      <Filter>playGround\mapTool</Filter>
    </ClCompile>
    <ClCompile Include="tile.cpp">
      <Filter>playGround\Astar</Filter>
    </ClCompile>
    <ClCompile Include="sceneManager.cpp">
      <Filter>2DGameFramework\Manager</Filter>
    </ClCompile>
    <ClCompile Include="aStarTest.cpp">
      <Filter>playGround\Astar</Filter>
    </ClCompile>
    <ClCompile Include="randomMap.cpp">
      <Filter>playGround\mapTool</Filter>
    </ClCompile>
    <ClCompile Include="mapGenerator.cpp">
      <Filter>playGround\mapTool</Filter>
    </ClCompile>
    <ClCompile Include="action.cpp">
      <Filter>2DGameFramework\action</Filter>
    </ClCompile>
    <ClCompile Include="animation.cpp">
      <Filter>2DGameFramework\animation</Filter>
    </ClCompile>
    <ClCompile Include="button.cpp">
      <Filter>2DGameFramework\button</Filter>
    </ClCompile>
    <ClCompile Include="effect.cpp">
      <Filter>2DGameFramework\effect</Filter>
    </ClCompile>
    <ClCompile Include="txtData.cpp">
      <Filter>2DGameFramework\txtData</Filter>
    </ClCompile>
    <ClCompile Include="effectManager.cpp">
      <Filter>2DGameFramework\Manager</Filter>
    </ClCompile>
    <ClCompile Include="iniDataManager.cpp">
      <Filter>2DGameFramework\Manager</Filter>
    </ClCompile>
    <ClCompile Include="soundManager.cpp">
      <Filter>2DGameFramework\Manager</Filter>
    </ClCompile>
    <ClCompile Include="enemyManager.cpp">
      <Filter>playGround\enemy</Filter>
    </ClCompile>
    <ClCompile Include="slime.cpp">
      <Filter>playGround\enemy\slime</Filter>
    </ClCompile>
    <ClCompile Include="slimeBlue.cpp">
      <Filter>playGround\enemy\slime</Filter>
    </ClCompile>
    <ClCompile Include="slimeGold.cpp">
      <Filter>playGround\enemy\slime</Filter>
    </ClCompile>
    <ClCompile Include="slimeGreen.cpp">
      <Filter>playGround\enemy\slime</Filter>
    </ClCompile>
    <ClCompile Include="player.cpp">
      <Filter>playGround\player</Filter>
    </ClCompile>
    <ClCompile Include="vision.cpp">
      <Filter>playGround\player</Filter>
    </ClCompile>
    <ClCompile Include="greenSkeleton.cpp">
      <Filter>playGround\enemy\skeleton</Filter>
    </ClCompile>
    <ClCompile Include="blackSkeleton.cpp">
      <Filter>playGround\enemy\skeleton</Filter>
    </ClCompile>
    <ClCompile Include="skeleton.cpp">
      <Filter>playGround\enemy\skeleton</Filter>
    </ClCompile>
    <ClCompile Include="whiteSkeleton.cpp">
      <Filter>playGround\enemy\skeleton</Filter>
    </ClCompile>
    <ClCompile Include="playerTestScene.cpp">
      <Filter>playGround</Filter>
    </ClCompile>
    <ClCompile Include="streamManager.cpp">
      <Filter>2DGameFramework\Manager</Filter>
    </ClCompile>
    <ClCompile Include="video.cpp">
      <Filter>2DGameFramework\video</Filter>
    </ClCompile>
    <ClCompile Include="UIManager.cpp">
      <Filter>playGround\UI</Filter>
    </ClCompile>
    <ClCompile Include="beatHeart.cpp">
      <Filter>playGround\UI\inGame</Filter>
    </ClCompile>
    <ClCompile Include="diamond.cpp">
      <Filter>playGround\UI\inGame</Filter>
    </ClCompile>
    <ClCompile Include="Heart.cpp">
      <Filter>playGround\UI\inGame</Filter>
    </ClCompile>
    <ClCompile Include="heartBeat.cpp">
      <Filter>playGround\UI\inGame</Filter>
    </ClCompile>
    <ClCompile Include="itemHUD.cpp">
      <Filter>playGround\UI\inGame</Filter>
    </ClCompile>
    <ClCompile Include="money.cpp">
      <Filter>playGround\UI\inGame</Filter>
    </ClCompile>
    <ClCompile Include="numberUI.cpp">
      <Filter>playGround\UI\inGame</Filter>
    </ClCompile>
    <ClCompile Include="UI.cpp">
      <Filter>playGround\UI\inGame</Filter>
    </ClCompile>
    <ClCompile Include="X.cpp">
      <Filter>playGround\UI\inGame</Filter>
    </ClCompile>
    <ClCompile Include="introScene.cpp">
      <Filter>playGround\scene\intro</Filter>
    </ClCompile>
    <ClCompile Include="splashScene.cpp">
      <Filter>playGround\scene\splash</Filter>
    </ClCompile>
    <ClCompile Include="titleScene.cpp">
      <Filter>playGround\scene\title</Filter>
    </ClCompile>
    <ClCompile Include="objectManager.cpp">
      <Filter>playGround\object</Filter>
    </ClCompile>
    <ClCompile Include="weapon.cpp">
      <Filter>playGround\item\weapon</Filter>
    </ClCompile>
    <ClCompile Include="weaponType.cpp">
      <Filter>playGround\item\weapon\weaponType</Filter>
    </ClCompile>
    <ClCompile Include="broadSword.cpp">
      <Filter>playGround\item\weapon\weaponType</Filter>
    </ClCompile>
    <ClCompile Include="dagger.cpp">
      <Filter>playGround\item\weapon\weaponType</Filter>
    </ClCompile>
    <ClCompile Include="longSword.cpp">
      <Filter>playGround\item\weapon\weaponType</Filter>
    </ClCompile>
    <ClCompile Include="spear.cpp">
      <Filter>playGround\item\weapon\weaponType</Filter>
    </ClCompile>
    <ClCompile Include="shovel.cpp">
      <Filter>playGround\item\shovel</Filter>
    </ClCompile>
    <ClCompile Include="shovelBasic.cpp">
      <Filter>playGround\item\shovel\shovelType</Filter>
    </ClCompile>
    <ClCompile Include="shovelTitanium.cpp">
      <Filter>playGround\item\shovel\shovelType</Filter>
    </ClCompile>
    <ClCompile Include="shovelType.cpp">
      <Filter>playGround\item\shovel\shovelType</Filter>
    </ClCompile>
    <ClCompile Include="bomb.cpp">
      <Filter>playGround\item</Filter>
    </ClCompile>
    <ClCompile Include="ghost.cpp">
      <Filter>playGround\enemy\ghostAndMimic</Filter>
    </ClCompile>
    <ClCompile Include="ghostAndMinic.cpp">
      <Filter>playGround\enemy\ghostAndMimic</Filter>
    </ClCompile>
    <ClCompile Include="monkey.cpp">
      <Filter>playGround\enemy\monkey</Filter>
    </ClCompile>
    <ClCompile Include="mimic.cpp">
      <Filter>playGround\enemy\ghostAndMimic</Filter>
    </ClCompile>
    <ClCompile Include="minotaur.cpp">
      <Filter>playGround\enemy\minotaurAndRedDragon</Filter>
    </ClCompile>
    <ClCompile Include="miniMap.cpp">
      <Filter>2DGameFramework\miniMap</Filter>
    </ClCompile>
    <ClCompile Include="monkeyWhite.cpp">
      <Filter>playGround\enemy\monkey</Filter>
    </ClCompile>
    <ClCompile Include="monkeyBasic.cpp">
      <Filter>playGround\enemy\monkey</Filter>
    </ClCompile>
    <ClCompile Include="zombie.cpp">
      <Filter>playGround\enemy\zombie</Filter>
    </ClCompile>
    <ClCompile Include="minotaurAndDragon.cpp">
      <Filter>playGround\enemy\minotaurAndRedDragon</Filter>
    </ClCompile>
    <ClCompile Include="redDragon.cpp">
      <Filter>playGround\enemy\minotaurAndRedDragon</Filter>
    </ClCompile>
    <ClCompile Include="zombie.cpp">
      <Filter>소스 파일</Filter>
    </ClCompile>
    <ClCompile Include="apple.cpp">
      <Filter>playGround\item\food\foodType</Filter>
    </ClCompile>
    <ClCompile Include="cheese.cpp">
      <Filter>playGround\item\food\foodType</Filter>
    </ClCompile>
    <ClCompile Include="foodType.cpp">
      <Filter>playGround\item\food\foodType</Filter>
    </ClCompile>
    <ClCompile Include="food.cpp">
      <Filter>playGround\item\food</Filter>
    </ClCompile>
    <ClCompile Include="rapier.cpp">
      <Filter>playGround\item\weapon\weaponType</Filter>
    </ClCompile>
    <ClCompile Include="UIUIManager.cpp">
      <Filter>2DGameFramework\Manager</Filter>
    </ClCompile>
    <ClCompile Include="shopkeeper.cpp">
      <Filter>playGround\shopKeeper</Filter>
    </ClCompile>
    <ClCompile Include="bossScene.cpp">
      <Filter>playGround\scene\boss</Filter>
    </ClCompile>
    <ClCompile Include="deathMetal.cpp">
      <Filter>playGround\enemy\deathMetal</Filter>
    </ClCompile>
    <ClCompile Include="UIUIManager.cpp">
      <Filter>2DGameFramework\Manager</Filter>
    </ClCompile>
    <ClCompile Include="missed.cpp">
      <Filter>playGround\UI\inGame</Filter>
    </ClCompile>
  </ItemGroup>
  <ItemGroup>
    <ResourceCompile Include="windowAPI.rc">
      <Filter>리소스 파일</Filter>
    </ResourceCompile>
  </ItemGroup>
  <ItemGroup>
    <Image Include="small.ico">
      <Filter>리소스 파일</Filter>
    </Image>
    <Image Include="windowAPI.ico">
      <Filter>리소스 파일</Filter>
    </Image>
  </ItemGroup>
</Project>